
Microsoft Visual Studio Solution File, Format Version 12.00
# Visual Studio Version 16
VisualStudioVersion = 16.0.31911.196
MinimumVisualStudioVersion = 10.0.40219.1
Project("{FAE04EC0-301F-11D3-BF4B-00C04F79EFBC}") = "uri_1000", "uri_1000\uri_1000.csproj", "{303D80D3-FFB2-4BF0-974A-ED63A45B0948}"
EndProject
Project("{FAE04EC0-301F-11D3-BF4B-00C04F79EFBC}") = "Uri_1001", "Uri_1001\Uri_1001.csproj", "{3AD0A7C5-F63A-4C7E-9CA3-22582F04CBB5}"
EndProject
Project("{FAE04EC0-301F-11D3-BF4B-00C04F79EFBC}") = "uri_1002", "uri_1002\uri_1002.csproj", "{FB38440E-D59A-4573-9D31-E789E0C7067D}"
EndProject
Project("{FAE04EC0-301F-11D3-BF4B-00C04F79EFBC}") = "uri_1003", "uri_1003\uri_1003.csproj", "{EBF31B5C-BA2C-4A65-A6A1-A72B27312B0E}"
EndProject
Project("{FAE04EC0-301F-11D3-BF4B-00C04F79EFBC}") = "uri_1004", "uri_1004\uri_1004.csproj", "{2743D94A-1DDE-4421-9E66-A07A8F219D92}"
EndProject
Project("{FAE04EC0-301F-11D3-BF4B-00C04F79EFBC}") = "uri_1005", "uri_1005\uri_1005.csproj", "{A32161FD-9428-4582-A6CD-751734FF0606}"
EndProject
Global
	GlobalSection(SolutionConfigurationPlatforms) = preSolution
		Debug|Any CPU = Debug|Any CPU
		Release|Any CPU = Release|Any CPU
	EndGlobalSection
	GlobalSection(ProjectConfigurationPlatforms) = postSolution
		{303D80D3-FFB2-4BF0-974A-ED63A45B0948}.Debug|Any CPU.ActiveCfg = Debug|Any CPU
		{303D80D3-FFB2-4BF0-974A-ED63A45B0948}.Debug|Any CPU.Build.0 = Debug|Any CPU
		{303D80D3-FFB2-4BF0-974A-ED63A45B0948}.Release|Any CPU.ActiveCfg = Release|Any CPU
		{303D80D3-FFB2-4BF0-974A-ED63A45B0948}.Release|Any CPU.Build.0 = Release|Any CPU
		{3AD0A7C5-F63A-4C7E-9CA3-22582F04CBB5}.Debug|Any CPU.ActiveCfg = Debug|Any CPU
		{3AD0A7C5-F63A-4C7E-9CA3-22582F04CBB5}.Debug|Any CPU.Build.0 = Debug|Any CPU
		{3AD0A7C5-F63A-4C7E-9CA3-22582F04CBB5}.Release|Any CPU.ActiveCfg = Release|Any CPU
		{3AD0A7C5-F63A-4C7E-9CA3-22582F04CBB5}.Release|Any CPU.Build.0 = Release|Any CPU
		{FB38440E-D59A-4573-9D31-E789E0C7067D}.Debug|Any CPU.ActiveCfg = Debug|Any CPU
		{FB38440E-D59A-4573-9D31-E789E0C7067D}.Debug|Any CPU.Build.0 = Debug|Any CPU
		{FB38440E-D59A-4573-9D31-E789E0C7067D}.Release|Any CPU.ActiveCfg = Release|Any CPU
		{FB38440E-D59A-4573-9D31-E789E0C7067D}.Release|Any CPU.Build.0 = Release|Any CPU
		{EBF31B5C-BA2C-4A65-A6A1-A72B27312B0E}.Debug|Any CPU.ActiveCfg = Debug|Any CPU
		{EBF31B5C-BA2C-4A65-A6A1-A72B27312B0E}.Debug|Any CPU.Build.0 = Debug|Any CPU
		{EBF31B5C-BA2C-4A65-A6A1-A72B27312B0E}.Release|Any CPU.ActiveCfg = Release|Any CPU
		{EBF31B5C-BA2C-4A65-A6A1-A72B27312B0E}.Release|Any CPU.Build.0 = Release|Any CPU
		{2743D94A-1DDE-4421-9E66-A07A8F219D92}.Debug|Any CPU.ActiveCfg = Debug|Any CPU
		{2743D94A-1DDE-4421-9E66-A07A8F219D92}.Debug|Any CPU.Build.0 = Debug|Any CPU
		{2743D94A-1DDE-4421-9E66-A07A8F219D92}.Release|Any CPU.ActiveCfg = Release|Any CPU
		{2743D94A-1DDE-4421-9E66-A07A8F219D92}.Release|Any CPU.Build.0 = Release|Any CPU
		{A32161FD-9428-4582-A6CD-751734FF0606}.Debug|Any CPU.ActiveCfg = Debug|Any CPU
		{A32161FD-9428-4582-A6CD-751734FF0606}.Debug|Any CPU.Build.0 = Debug|Any CPU
		{A32161FD-9428-4582-A6CD-751734FF0606}.Release|Any CPU.ActiveCfg = Release|Any CPU
		{A32161FD-9428-4582-A6CD-751734FF0606}.Release|Any CPU.Build.0 = Release|Any CPU
	EndGlobalSection
	GlobalSection(SolutionProperties) = preSolution
		HideSolutionNode = FALSE
	EndGlobalSection
	GlobalSection(ExtensibilityGlobals) = postSolution
		SolutionGuid = {AC0FAD24-0FFF-4F0B-8E71-D0CAF8EFAD7A}
	EndGlobalSection
EndGlobal
