
Microsoft Visual Studio Solution File, Format Version 12.00
# Visual Studio Version 16
VisualStudioVersion = 16.0.31911.196
MinimumVisualStudioVersion = 10.0.40219.1
Project("{9A19103F-16F7-4668-BE54-9A1E7A4F7556}") = "uri_1000", "uri_1000\uri_1000.csproj", "{303D80D3-FFB2-4BF0-974A-ED63A45B0948}"
EndProject
Project("{9A19103F-16F7-4668-BE54-9A1E7A4F7556}") = "Uri_1001", "Uri_1001\Uri_1001.csproj", "{3AD0A7C5-F63A-4C7E-9CA3-22582F04CBB5}"
EndProject
Project("{9A19103F-16F7-4668-BE54-9A1E7A4F7556}") = "uri_1002", "uri_1002\uri_1002.csproj", "{FB38440E-D59A-4573-9D31-E789E0C7067D}"
EndProject
Project("{9A19103F-16F7-4668-BE54-9A1E7A4F7556}") = "uri_1003", "uri_1003\uri_1003.csproj", "{EBF31B5C-BA2C-4A65-A6A1-A72B27312B0E}"
EndProject
Project("{9A19103F-16F7-4668-BE54-9A1E7A4F7556}") = "uri_1004", "uri_1004\uri_1004.csproj", "{2743D94A-1DDE-4421-9E66-A07A8F219D92}"
EndProject
Project("{9A19103F-16F7-4668-BE54-9A1E7A4F7556}") = "uri_1005", "uri_1005\uri_1005.csproj", "{A32161FD-9428-4582-A6CD-751734FF0606}"
EndProject
Project("{9A19103F-16F7-4668-BE54-9A1E7A4F7556}") = "uri_1006", "uri_1006\uri_1006.csproj", "{9CAAB9BF-0609-42F4-A9BD-F29483CFA4D5}"
EndProject
Project("{9A19103F-16F7-4668-BE54-9A1E7A4F7556}") = "uri_1007", "uri_1007\uri_1007.csproj", "{52355237-9B40-4EE6-8F09-E63393C8170C}"
EndProject
Project("{9A19103F-16F7-4668-BE54-9A1E7A4F7556}") = "uri_1008", "uri_1008\uri_1008.csproj", "{CC39E5D0-4016-4782-9E13-01E7CE0417C7}"
EndProject
Project("{9A19103F-16F7-4668-BE54-9A1E7A4F7556}") = "uri_1009", "uri_1009\uri_1009.csproj", "{1BA78F7F-7679-4413-A89B-1F31A01F9044}"
EndProject
Project("{9A19103F-16F7-4668-BE54-9A1E7A4F7556}") = "uri_1010", "uri_1010\uri_1010.csproj", "{241962F3-8C06-4689-A99F-07772B7C0A18}"
EndProject
Project("{9A19103F-16F7-4668-BE54-9A1E7A4F7556}") = "uri_1011", "uri_1011\uri_1011.csproj", "{AA6C5E19-7504-40FB-BF9A-AB638DF90101}"
EndProject
Project("{9A19103F-16F7-4668-BE54-9A1E7A4F7556}") = "uri_1012", "uri_1012\uri_1012.csproj", "{59CCD6A7-0AB5-417D-A91D-7967C5D32A92}"
EndProject
Project("{9A19103F-16F7-4668-BE54-9A1E7A4F7556}") = "uri_1013", "uri_1013\uri_1013.csproj", "{07092157-9FA0-4FB6-BEFD-CF7164535214}"
EndProject
Project("{9A19103F-16F7-4668-BE54-9A1E7A4F7556}") = "uri_1014", "uri_1014\uri_1014.csproj", "{ABF7E592-180F-4E69-90CE-5F872C83CC77}"
EndProject
Project("{9A19103F-16F7-4668-BE54-9A1E7A4F7556}") = "uri_1015", "uri_1015\uri_1015.csproj", "{6C094389-0F95-405B-9FFA-93D95E375EFA}"
EndProject
Project("{9A19103F-16F7-4668-BE54-9A1E7A4F7556}") = "uri_1016", "uri_1016\uri_1016.csproj", "{97678857-1572-411A-A04C-CFC99276181C}"
EndProject
Project("{9A19103F-16F7-4668-BE54-9A1E7A4F7556}") = "uri_1017", "uri_1017\uri_1017.csproj", "{9D31B7B7-5FC8-447F-AB5D-B320DA05FCD2}"
EndProject
Project("{9A19103F-16F7-4668-BE54-9A1E7A4F7556}") = "uri_1018", "uri_1018\uri_1018.csproj", "{95476E10-A0C3-4317-8A3D-6E957AC14358}"
EndProject
Project("{9A19103F-16F7-4668-BE54-9A1E7A4F7556}") = "uri_1019", "uri_1019\uri_1019.csproj", "{2E05DB88-53CD-4DC3-A33D-418C15852382}"
EndProject
Project("{9A19103F-16F7-4668-BE54-9A1E7A4F7556}") = "uri_1020", "uri_1020\uri_1020.csproj", "{3B994C3E-C2E9-4B3C-B40E-6E1BFFF851C4}"
EndProject
Project("{9A19103F-16F7-4668-BE54-9A1E7A4F7556}") = "uir_1021", "uir_1021\uir_1021.csproj", "{0716F563-CDBD-47CB-A4A2-BBE6EFD6CAD1}"
EndProject
Project("{9A19103F-16F7-4668-BE54-9A1E7A4F7556}") = "uri_1035", "uri_1035\uri_1035.csproj", "{E1F725D0-6D11-4F3E-B824-866F86A036B4}"
EndProject
Project("{9A19103F-16F7-4668-BE54-9A1E7A4F7556}") = "uri_1036", "uri_1036\uri_1036.csproj", "{8924160A-38B3-4BD1-B324-27167DF8AAEC}"
EndProject
Project("{9A19103F-16F7-4668-BE54-9A1E7A4F7556}") = "uri_1037", "uri_1037\uri_1037.csproj", "{6CE4C2A7-24D2-4C5C-AD89-2F6C5023697C}"
EndProject
Project("{9A19103F-16F7-4668-BE54-9A1E7A4F7556}") = "uri_1038", "uri_1038\uri_1038.csproj", "{788F9013-FADB-4F3E-B8F6-747FC018AADC}"
EndProject
Project("{9A19103F-16F7-4668-BE54-9A1E7A4F7556}") = "uri_1040", "uri_1040\uri_1040.csproj", "{97DD52FD-2D6F-46C8-A0CB-B3C437BB59C8}"
EndProject
Project("{9A19103F-16F7-4668-BE54-9A1E7A4F7556}") = "uri_1041", "uri_1041\uri_1041.csproj", "{C0BE41D9-28CA-426C-A885-F3C7918024EF}"
EndProject
Project("{FAE04EC0-301F-11D3-BF4B-00C04F79EFBC}") = "uri_1042", "uri_1042\uri_1042.csproj", "{3AAB3B28-7908-4B13-952D-FCEF90DE65FE}"
EndProject
Project("{FAE04EC0-301F-11D3-BF4B-00C04F79EFBC}") = "uri_1043", "uri_1043\uri_1043.csproj", "{3E08EB70-80BA-4FA7-A0AF-9822AD94EEFA}"
EndProject
Project("{FAE04EC0-301F-11D3-BF4B-00C04F79EFBC}") = "uri_1044", "uri_1044\uri_1044.csproj", "{A1974C29-39D0-4A55-BB7E-9A4912E9560B}"
EndProject
Global
	GlobalSection(SolutionConfigurationPlatforms) = preSolution
		Debug|Any CPU = Debug|Any CPU
		Release|Any CPU = Release|Any CPU
	EndGlobalSection
	GlobalSection(ProjectConfigurationPlatforms) = postSolution
		{303D80D3-FFB2-4BF0-974A-ED63A45B0948}.Debug|Any CPU.ActiveCfg = Debug|Any CPU
		{303D80D3-FFB2-4BF0-974A-ED63A45B0948}.Debug|Any CPU.Build.0 = Debug|Any CPU
		{303D80D3-FFB2-4BF0-974A-ED63A45B0948}.Release|Any CPU.ActiveCfg = Release|Any CPU
		{303D80D3-FFB2-4BF0-974A-ED63A45B0948}.Release|Any CPU.Build.0 = Release|Any CPU
		{3AD0A7C5-F63A-4C7E-9CA3-22582F04CBB5}.Debug|Any CPU.ActiveCfg = Debug|Any CPU
		{3AD0A7C5-F63A-4C7E-9CA3-22582F04CBB5}.Debug|Any CPU.Build.0 = Debug|Any CPU
		{3AD0A7C5-F63A-4C7E-9CA3-22582F04CBB5}.Release|Any CPU.ActiveCfg = Release|Any CPU
		{3AD0A7C5-F63A-4C7E-9CA3-22582F04CBB5}.Release|Any CPU.Build.0 = Release|Any CPU
		{FB38440E-D59A-4573-9D31-E789E0C7067D}.Debug|Any CPU.ActiveCfg = Debug|Any CPU
		{FB38440E-D59A-4573-9D31-E789E0C7067D}.Debug|Any CPU.Build.0 = Debug|Any CPU
		{FB38440E-D59A-4573-9D31-E789E0C7067D}.Release|Any CPU.ActiveCfg = Release|Any CPU
		{FB38440E-D59A-4573-9D31-E789E0C7067D}.Release|Any CPU.Build.0 = Release|Any CPU
		{EBF31B5C-BA2C-4A65-A6A1-A72B27312B0E}.Debug|Any CPU.ActiveCfg = Debug|Any CPU
		{EBF31B5C-BA2C-4A65-A6A1-A72B27312B0E}.Debug|Any CPU.Build.0 = Debug|Any CPU
		{EBF31B5C-BA2C-4A65-A6A1-A72B27312B0E}.Release|Any CPU.ActiveCfg = Release|Any CPU
		{EBF31B5C-BA2C-4A65-A6A1-A72B27312B0E}.Release|Any CPU.Build.0 = Release|Any CPU
		{2743D94A-1DDE-4421-9E66-A07A8F219D92}.Debug|Any CPU.ActiveCfg = Debug|Any CPU
		{2743D94A-1DDE-4421-9E66-A07A8F219D92}.Debug|Any CPU.Build.0 = Debug|Any CPU
		{2743D94A-1DDE-4421-9E66-A07A8F219D92}.Release|Any CPU.ActiveCfg = Release|Any CPU
		{2743D94A-1DDE-4421-9E66-A07A8F219D92}.Release|Any CPU.Build.0 = Release|Any CPU
		{A32161FD-9428-4582-A6CD-751734FF0606}.Debug|Any CPU.ActiveCfg = Debug|Any CPU
		{A32161FD-9428-4582-A6CD-751734FF0606}.Debug|Any CPU.Build.0 = Debug|Any CPU
		{A32161FD-9428-4582-A6CD-751734FF0606}.Release|Any CPU.ActiveCfg = Release|Any CPU
		{A32161FD-9428-4582-A6CD-751734FF0606}.Release|Any CPU.Build.0 = Release|Any CPU
		{9CAAB9BF-0609-42F4-A9BD-F29483CFA4D5}.Debug|Any CPU.ActiveCfg = Debug|Any CPU
		{9CAAB9BF-0609-42F4-A9BD-F29483CFA4D5}.Debug|Any CPU.Build.0 = Debug|Any CPU
		{9CAAB9BF-0609-42F4-A9BD-F29483CFA4D5}.Release|Any CPU.ActiveCfg = Release|Any CPU
		{9CAAB9BF-0609-42F4-A9BD-F29483CFA4D5}.Release|Any CPU.Build.0 = Release|Any CPU
		{52355237-9B40-4EE6-8F09-E63393C8170C}.Debug|Any CPU.ActiveCfg = Debug|Any CPU
		{52355237-9B40-4EE6-8F09-E63393C8170C}.Debug|Any CPU.Build.0 = Debug|Any CPU
		{52355237-9B40-4EE6-8F09-E63393C8170C}.Release|Any CPU.ActiveCfg = Release|Any CPU
		{52355237-9B40-4EE6-8F09-E63393C8170C}.Release|Any CPU.Build.0 = Release|Any CPU
		{CC39E5D0-4016-4782-9E13-01E7CE0417C7}.Debug|Any CPU.ActiveCfg = Debug|Any CPU
		{CC39E5D0-4016-4782-9E13-01E7CE0417C7}.Debug|Any CPU.Build.0 = Debug|Any CPU
		{CC39E5D0-4016-4782-9E13-01E7CE0417C7}.Release|Any CPU.ActiveCfg = Release|Any CPU
		{CC39E5D0-4016-4782-9E13-01E7CE0417C7}.Release|Any CPU.Build.0 = Release|Any CPU
		{1BA78F7F-7679-4413-A89B-1F31A01F9044}.Debug|Any CPU.ActiveCfg = Debug|Any CPU
		{1BA78F7F-7679-4413-A89B-1F31A01F9044}.Debug|Any CPU.Build.0 = Debug|Any CPU
		{1BA78F7F-7679-4413-A89B-1F31A01F9044}.Release|Any CPU.ActiveCfg = Release|Any CPU
		{1BA78F7F-7679-4413-A89B-1F31A01F9044}.Release|Any CPU.Build.0 = Release|Any CPU
		{241962F3-8C06-4689-A99F-07772B7C0A18}.Debug|Any CPU.ActiveCfg = Debug|Any CPU
		{241962F3-8C06-4689-A99F-07772B7C0A18}.Debug|Any CPU.Build.0 = Debug|Any CPU
		{241962F3-8C06-4689-A99F-07772B7C0A18}.Release|Any CPU.ActiveCfg = Release|Any CPU
		{241962F3-8C06-4689-A99F-07772B7C0A18}.Release|Any CPU.Build.0 = Release|Any CPU
		{AA6C5E19-7504-40FB-BF9A-AB638DF90101}.Debug|Any CPU.ActiveCfg = Debug|Any CPU
		{AA6C5E19-7504-40FB-BF9A-AB638DF90101}.Debug|Any CPU.Build.0 = Debug|Any CPU
		{AA6C5E19-7504-40FB-BF9A-AB638DF90101}.Release|Any CPU.ActiveCfg = Release|Any CPU
		{AA6C5E19-7504-40FB-BF9A-AB638DF90101}.Release|Any CPU.Build.0 = Release|Any CPU
		{59CCD6A7-0AB5-417D-A91D-7967C5D32A92}.Debug|Any CPU.ActiveCfg = Debug|Any CPU
		{59CCD6A7-0AB5-417D-A91D-7967C5D32A92}.Debug|Any CPU.Build.0 = Debug|Any CPU
		{59CCD6A7-0AB5-417D-A91D-7967C5D32A92}.Release|Any CPU.ActiveCfg = Release|Any CPU
		{59CCD6A7-0AB5-417D-A91D-7967C5D32A92}.Release|Any CPU.Build.0 = Release|Any CPU
		{07092157-9FA0-4FB6-BEFD-CF7164535214}.Debug|Any CPU.ActiveCfg = Debug|Any CPU
		{07092157-9FA0-4FB6-BEFD-CF7164535214}.Debug|Any CPU.Build.0 = Debug|Any CPU
		{07092157-9FA0-4FB6-BEFD-CF7164535214}.Release|Any CPU.ActiveCfg = Release|Any CPU
		{07092157-9FA0-4FB6-BEFD-CF7164535214}.Release|Any CPU.Build.0 = Release|Any CPU
		{ABF7E592-180F-4E69-90CE-5F872C83CC77}.Debug|Any CPU.ActiveCfg = Debug|Any CPU
		{ABF7E592-180F-4E69-90CE-5F872C83CC77}.Debug|Any CPU.Build.0 = Debug|Any CPU
		{ABF7E592-180F-4E69-90CE-5F872C83CC77}.Release|Any CPU.ActiveCfg = Release|Any CPU
		{ABF7E592-180F-4E69-90CE-5F872C83CC77}.Release|Any CPU.Build.0 = Release|Any CPU
		{6C094389-0F95-405B-9FFA-93D95E375EFA}.Debug|Any CPU.ActiveCfg = Debug|Any CPU
		{6C094389-0F95-405B-9FFA-93D95E375EFA}.Debug|Any CPU.Build.0 = Debug|Any CPU
		{6C094389-0F95-405B-9FFA-93D95E375EFA}.Release|Any CPU.ActiveCfg = Release|Any CPU
		{6C094389-0F95-405B-9FFA-93D95E375EFA}.Release|Any CPU.Build.0 = Release|Any CPU
		{97678857-1572-411A-A04C-CFC99276181C}.Debug|Any CPU.ActiveCfg = Debug|Any CPU
		{97678857-1572-411A-A04C-CFC99276181C}.Debug|Any CPU.Build.0 = Debug|Any CPU
		{97678857-1572-411A-A04C-CFC99276181C}.Release|Any CPU.ActiveCfg = Release|Any CPU
		{97678857-1572-411A-A04C-CFC99276181C}.Release|Any CPU.Build.0 = Release|Any CPU
		{9D31B7B7-5FC8-447F-AB5D-B320DA05FCD2}.Debug|Any CPU.ActiveCfg = Debug|Any CPU
		{9D31B7B7-5FC8-447F-AB5D-B320DA05FCD2}.Debug|Any CPU.Build.0 = Debug|Any CPU
		{9D31B7B7-5FC8-447F-AB5D-B320DA05FCD2}.Release|Any CPU.ActiveCfg = Release|Any CPU
		{9D31B7B7-5FC8-447F-AB5D-B320DA05FCD2}.Release|Any CPU.Build.0 = Release|Any CPU
		{95476E10-A0C3-4317-8A3D-6E957AC14358}.Debug|Any CPU.ActiveCfg = Debug|Any CPU
		{95476E10-A0C3-4317-8A3D-6E957AC14358}.Debug|Any CPU.Build.0 = Debug|Any CPU
		{95476E10-A0C3-4317-8A3D-6E957AC14358}.Release|Any CPU.ActiveCfg = Release|Any CPU
		{95476E10-A0C3-4317-8A3D-6E957AC14358}.Release|Any CPU.Build.0 = Release|Any CPU
		{2E05DB88-53CD-4DC3-A33D-418C15852382}.Debug|Any CPU.ActiveCfg = Debug|Any CPU
		{2E05DB88-53CD-4DC3-A33D-418C15852382}.Debug|Any CPU.Build.0 = Debug|Any CPU
		{2E05DB88-53CD-4DC3-A33D-418C15852382}.Release|Any CPU.ActiveCfg = Release|Any CPU
		{2E05DB88-53CD-4DC3-A33D-418C15852382}.Release|Any CPU.Build.0 = Release|Any CPU
		{3B994C3E-C2E9-4B3C-B40E-6E1BFFF851C4}.Debug|Any CPU.ActiveCfg = Debug|Any CPU
		{3B994C3E-C2E9-4B3C-B40E-6E1BFFF851C4}.Debug|Any CPU.Build.0 = Debug|Any CPU
		{3B994C3E-C2E9-4B3C-B40E-6E1BFFF851C4}.Release|Any CPU.ActiveCfg = Release|Any CPU
		{3B994C3E-C2E9-4B3C-B40E-6E1BFFF851C4}.Release|Any CPU.Build.0 = Release|Any CPU
		{0716F563-CDBD-47CB-A4A2-BBE6EFD6CAD1}.Debug|Any CPU.ActiveCfg = Debug|Any CPU
		{0716F563-CDBD-47CB-A4A2-BBE6EFD6CAD1}.Debug|Any CPU.Build.0 = Debug|Any CPU
		{0716F563-CDBD-47CB-A4A2-BBE6EFD6CAD1}.Release|Any CPU.ActiveCfg = Release|Any CPU
		{0716F563-CDBD-47CB-A4A2-BBE6EFD6CAD1}.Release|Any CPU.Build.0 = Release|Any CPU
		{E1F725D0-6D11-4F3E-B824-866F86A036B4}.Debug|Any CPU.ActiveCfg = Debug|Any CPU
		{E1F725D0-6D11-4F3E-B824-866F86A036B4}.Debug|Any CPU.Build.0 = Debug|Any CPU
		{E1F725D0-6D11-4F3E-B824-866F86A036B4}.Release|Any CPU.ActiveCfg = Release|Any CPU
		{E1F725D0-6D11-4F3E-B824-866F86A036B4}.Release|Any CPU.Build.0 = Release|Any CPU
		{8924160A-38B3-4BD1-B324-27167DF8AAEC}.Debug|Any CPU.ActiveCfg = Debug|Any CPU
		{8924160A-38B3-4BD1-B324-27167DF8AAEC}.Debug|Any CPU.Build.0 = Debug|Any CPU
		{8924160A-38B3-4BD1-B324-27167DF8AAEC}.Release|Any CPU.ActiveCfg = Release|Any CPU
		{8924160A-38B3-4BD1-B324-27167DF8AAEC}.Release|Any CPU.Build.0 = Release|Any CPU
		{6CE4C2A7-24D2-4C5C-AD89-2F6C5023697C}.Debug|Any CPU.ActiveCfg = Debug|Any CPU
		{6CE4C2A7-24D2-4C5C-AD89-2F6C5023697C}.Debug|Any CPU.Build.0 = Debug|Any CPU
		{6CE4C2A7-24D2-4C5C-AD89-2F6C5023697C}.Release|Any CPU.ActiveCfg = Release|Any CPU
		{6CE4C2A7-24D2-4C5C-AD89-2F6C5023697C}.Release|Any CPU.Build.0 = Release|Any CPU
		{788F9013-FADB-4F3E-B8F6-747FC018AADC}.Debug|Any CPU.ActiveCfg = Debug|Any CPU
		{788F9013-FADB-4F3E-B8F6-747FC018AADC}.Debug|Any CPU.Build.0 = Debug|Any CPU
		{788F9013-FADB-4F3E-B8F6-747FC018AADC}.Release|Any CPU.ActiveCfg = Release|Any CPU
		{788F9013-FADB-4F3E-B8F6-747FC018AADC}.Release|Any CPU.Build.0 = Release|Any CPU
		{97DD52FD-2D6F-46C8-A0CB-B3C437BB59C8}.Debug|Any CPU.ActiveCfg = Debug|Any CPU
		{97DD52FD-2D6F-46C8-A0CB-B3C437BB59C8}.Debug|Any CPU.Build.0 = Debug|Any CPU
		{97DD52FD-2D6F-46C8-A0CB-B3C437BB59C8}.Release|Any CPU.ActiveCfg = Release|Any CPU
		{97DD52FD-2D6F-46C8-A0CB-B3C437BB59C8}.Release|Any CPU.Build.0 = Release|Any CPU
		{C0BE41D9-28CA-426C-A885-F3C7918024EF}.Debug|Any CPU.ActiveCfg = Debug|Any CPU
		{C0BE41D9-28CA-426C-A885-F3C7918024EF}.Debug|Any CPU.Build.0 = Debug|Any CPU
		{C0BE41D9-28CA-426C-A885-F3C7918024EF}.Release|Any CPU.ActiveCfg = Release|Any CPU
		{C0BE41D9-28CA-426C-A885-F3C7918024EF}.Release|Any CPU.Build.0 = Release|Any CPU
		{3AAB3B28-7908-4B13-952D-FCEF90DE65FE}.Debug|Any CPU.ActiveCfg = Debug|Any CPU
		{3AAB3B28-7908-4B13-952D-FCEF90DE65FE}.Debug|Any CPU.Build.0 = Debug|Any CPU
		{3AAB3B28-7908-4B13-952D-FCEF90DE65FE}.Release|Any CPU.ActiveCfg = Release|Any CPU
		{3AAB3B28-7908-4B13-952D-FCEF90DE65FE}.Release|Any CPU.Build.0 = Release|Any CPU
		{3E08EB70-80BA-4FA7-A0AF-9822AD94EEFA}.Debug|Any CPU.ActiveCfg = Debug|Any CPU
		{3E08EB70-80BA-4FA7-A0AF-9822AD94EEFA}.Debug|Any CPU.Build.0 = Debug|Any CPU
		{3E08EB70-80BA-4FA7-A0AF-9822AD94EEFA}.Release|Any CPU.ActiveCfg = Release|Any CPU
		{3E08EB70-80BA-4FA7-A0AF-9822AD94EEFA}.Release|Any CPU.Build.0 = Release|Any CPU
		{A1974C29-39D0-4A55-BB7E-9A4912E9560B}.Debug|Any CPU.ActiveCfg = Debug|Any CPU
		{A1974C29-39D0-4A55-BB7E-9A4912E9560B}.Debug|Any CPU.Build.0 = Debug|Any CPU
		{A1974C29-39D0-4A55-BB7E-9A4912E9560B}.Release|Any CPU.ActiveCfg = Release|Any CPU
		{A1974C29-39D0-4A55-BB7E-9A4912E9560B}.Release|Any CPU.Build.0 = Release|Any CPU
	EndGlobalSection
	GlobalSection(SolutionProperties) = preSolution
		HideSolutionNode = FALSE
	EndGlobalSection
	GlobalSection(ExtensibilityGlobals) = postSolution
		SolutionGuid = {AC0FAD24-0FFF-4F0B-8E71-D0CAF8EFAD7A}
	EndGlobalSection
EndGlobal
